
Microsoft Visual Studio Solution File, Format Version 12.00
# Visual Studio Version 17
VisualStudioVersion = 17.0.31903.59
MinimumVisualStudioVersion = 10.0.40219.1
Project("{2150E333-8FDC-42A3-9474-1A3956D46DE8}") = "src", "src", "{2A3E1791-5143-4899-A822-352C2C22D6A0}"
EndProject
Project("{FAE04EC0-301F-11D3-BF4B-00C04F79EFBC}") = "FBW.Client", "src\FBW.Client\FBW.Client.csproj", "{90E3418B-5474-4422-977A-F61F8A802029}"
EndProject
Project("{FAE04EC0-301F-11D3-BF4B-00C04F79EFBC}") = "FBW.Shared", "src\FBW.Shared\FBW.Shared.csproj", "{1BF036A4-6665-46C6-86AA-32DEBDFD22E7}"
EndProject
Project("{2150E333-8FDC-42A3-9474-1A3956D46DE8}") = "backend", "backend", "{ED78903C-C0BB-49FE-BE8E-826CD10E1047}"
EndProject
Project("{FAE04EC0-301F-11D3-BF4B-00C04F79EFBC}") = "FBW.Domain", "src\backend\FBW.Domain\FBW.Domain.csproj", "{E614AE21-339B-400A-A35F-20E4B27E2C18}"
EndProject
Project("{FAE04EC0-301F-11D3-BF4B-00C04F79EFBC}") = "FBW.Application", "src\backend\FBW.Application\FBW.Application.csproj", "{C1DEE500-84EB-4299-8364-96AD50DAEFCB}"
EndProject
Project("{FAE04EC0-301F-11D3-BF4B-00C04F79EFBC}") = "FBW.Infrastructure", "src\backend\FBW.Infrastructure\FBW.Infrastructure.csproj", "{A1ED6C4A-DCAD-49A5-B311-7604459A7C81}"
EndProject
Project("{FAE04EC0-301F-11D3-BF4B-00C04F79EFBC}") = "FBW.Api", "src\backend\FBW.Api\FBW.Api.csproj", "{DB0BC7AC-2815-4B3C-8AA4-374164D05562}"
EndProject
Global
	GlobalSection(SolutionConfigurationPlatforms) = preSolution
		Debug|Any CPU = Debug|Any CPU
		Release|Any CPU = Release|Any CPU
	EndGlobalSection
	GlobalSection(SolutionProperties) = preSolution
		HideSolutionNode = FALSE
	EndGlobalSection
	GlobalSection(ProjectConfigurationPlatforms) = postSolution
		{90E3418B-5474-4422-977A-F61F8A802029}.Debug|Any CPU.ActiveCfg = Debug|Any CPU
		{90E3418B-5474-4422-977A-F61F8A802029}.Debug|Any CPU.Build.0 = Debug|Any CPU
		{90E3418B-5474-4422-977A-F61F8A802029}.Release|Any CPU.ActiveCfg = Release|Any CPU
		{90E3418B-5474-4422-977A-F61F8A802029}.Release|Any CPU.Build.0 = Release|Any CPU
		{1BF036A4-6665-46C6-86AA-32DEBDFD22E7}.Debug|Any CPU.ActiveCfg = Debug|Any CPU
		{1BF036A4-6665-46C6-86AA-32DEBDFD22E7}.Debug|Any CPU.Build.0 = Debug|Any CPU
		{1BF036A4-6665-46C6-86AA-32DEBDFD22E7}.Release|Any CPU.ActiveCfg = Release|Any CPU
		{1BF036A4-6665-46C6-86AA-32DEBDFD22E7}.Release|Any CPU.Build.0 = Release|Any CPU
		{E614AE21-339B-400A-A35F-20E4B27E2C18}.Debug|Any CPU.ActiveCfg = Debug|Any CPU
		{E614AE21-339B-400A-A35F-20E4B27E2C18}.Debug|Any CPU.Build.0 = Debug|Any CPU
		{E614AE21-339B-400A-A35F-20E4B27E2C18}.Release|Any CPU.ActiveCfg = Release|Any CPU
		{E614AE21-339B-400A-A35F-20E4B27E2C18}.Release|Any CPU.Build.0 = Release|Any CPU
		{C1DEE500-84EB-4299-8364-96AD50DAEFCB}.Debug|Any CPU.ActiveCfg = Debug|Any CPU
		{C1DEE500-84EB-4299-8364-96AD50DAEFCB}.Debug|Any CPU.Build.0 = Debug|Any CPU
		{C1DEE500-84EB-4299-8364-96AD50DAEFCB}.Release|Any CPU.ActiveCfg = Release|Any CPU
		{C1DEE500-84EB-4299-8364-96AD50DAEFCB}.Release|Any CPU.Build.0 = Release|Any CPU
		{A1ED6C4A-DCAD-49A5-B311-7604459A7C81}.Debug|Any CPU.ActiveCfg = Debug|Any CPU
		{A1ED6C4A-DCAD-49A5-B311-7604459A7C81}.Debug|Any CPU.Build.0 = Debug|Any CPU
		{A1ED6C4A-DCAD-49A5-B311-7604459A7C81}.Release|Any CPU.ActiveCfg = Release|Any CPU
		{A1ED6C4A-DCAD-49A5-B311-7604459A7C81}.Release|Any CPU.Build.0 = Release|Any CPU
		{DB0BC7AC-2815-4B3C-8AA4-374164D05562}.Debug|Any CPU.ActiveCfg = Debug|Any CPU
		{DB0BC7AC-2815-4B3C-8AA4-374164D05562}.Debug|Any CPU.Build.0 = Debug|Any CPU
		{DB0BC7AC-2815-4B3C-8AA4-374164D05562}.Release|Any CPU.ActiveCfg = Release|Any CPU
		{DB0BC7AC-2815-4B3C-8AA4-374164D05562}.Release|Any CPU.Build.0 = Release|Any CPU
	EndGlobalSection
	GlobalSection(NestedProjects) = preSolution
		{90E3418B-5474-4422-977A-F61F8A802029} = {2A3E1791-5143-4899-A822-352C2C22D6A0}
		{1BF036A4-6665-46C6-86AA-32DEBDFD22E7} = {2A3E1791-5143-4899-A822-352C2C22D6A0}
		{ED78903C-C0BB-49FE-BE8E-826CD10E1047} = {2A3E1791-5143-4899-A822-352C2C22D6A0}
		{E614AE21-339B-400A-A35F-20E4B27E2C18} = {ED78903C-C0BB-49FE-BE8E-826CD10E1047}
		{C1DEE500-84EB-4299-8364-96AD50DAEFCB} = {ED78903C-C0BB-49FE-BE8E-826CD10E1047}
		{A1ED6C4A-DCAD-49A5-B311-7604459A7C81} = {ED78903C-C0BB-49FE-BE8E-826CD10E1047}
		{DB0BC7AC-2815-4B3C-8AA4-374164D05562} = {ED78903C-C0BB-49FE-BE8E-826CD10E1047}
	EndGlobalSection
EndGlobal
